
Microsoft Visual Studio Solution File, Format Version 12.00
# Visual Studio Version 16
VisualStudioVersion = 16.0.31829.152
MinimumVisualStudioVersion = 10.0.40219.1
Project("{8BC9CEB8-8B4A-11D0-8D11-00A0C91BC942}") = "Asm Expr", "Asm Expr\Asm Expr.vcxproj", "{E4CF9584-163F-45C5-9C1D-B6859B412AC0}"
EndProject
Global
	GlobalSection(SolutionConfigurationPlatforms) = preSolution
		Debug|x64 = Debug|x64
		Debug|x86 = Debug|x86
		Release|x64 = Release|x64
		Release|x86 = Release|x86
	EndGlobalSection
	GlobalSection(ProjectConfigurationPlatforms) = postSolution
		{E4CF9584-163F-45C5-9C1D-B6859B412AC0}.Debug|x64.ActiveCfg = Debug|x64
		{E4CF9584-163F-45C5-9C1D-B6859B412AC0}.Debug|x64.Build.0 = Debug|x64
		{E4CF9584-163F-45C5-9C1D-B6859B412AC0}.Debug|x86.ActiveCfg = Debug|Win32
		{E4CF9584-163F-45C5-9C1D-B6859B412AC0}.Debug|x86.Build.0 = Debug|Win32
		{E4CF9584-163F-45C5-9C1D-B6859B412AC0}.Release|x64.ActiveCfg = Release|x64
		{E4CF9584-163F-45C5-9C1D-B6859B412AC0}.Release|x64.Build.0 = Release|x64
		{E4CF9584-163F-45C5-9C1D-B6859B412AC0}.Release|x86.ActiveCfg = Release|Win32
		{E4CF9584-163F-45C5-9C1D-B6859B412AC0}.Release|x86.Build.0 = Release|Win32
	EndGlobalSection
	GlobalSection(SolutionProperties) = preSolution
		HideSolutionNode = FALSE
	EndGlobalSection
	GlobalSection(ExtensibilityGlobals) = postSolution
		SolutionGuid = {DFA64BAA-EC13-4DAF-836A-6E722E195976}
	EndGlobalSection
EndGlobal
